
Microsoft Visual Studio Solution File, Format Version 12.00
# Visual Studio Version 17
VisualStudioVersion = 17.14.36119.2 d17.14
MinimumVisualStudioVersion = 10.0.40219.1
Project("{FAE04EC0-301F-11D3-BF4B-00C04F79EFBC}") = "ECommence.Api", "ECommence.Api\ECommence.Api.csproj", "{5292DF0A-A785-4746-813E-D70146191480}"
EndProject
Global
	GlobalSection(SolutionConfigurationPlatforms) = preSolution
		Debug|Any CPU = Debug|Any CPU
		Release|Any CPU = Release|Any CPU
	EndGlobalSection
	GlobalSection(ProjectConfigurationPlatforms) = postSolution
		{5292DF0A-A785-4746-813E-D70146191480}.Debug|Any CPU.ActiveCfg = Debug|Any CPU
		{5292DF0A-A785-4746-813E-D70146191480}.Debug|Any CPU.Build.0 = Debug|Any CPU
		{5292DF0A-A785-4746-813E-D70146191480}.Release|Any CPU.ActiveCfg = Release|Any CPU
		{5292DF0A-A785-4746-813E-D70146191480}.Release|Any CPU.Build.0 = Release|Any CPU
	EndGlobalSection
	GlobalSection(SolutionProperties) = preSolution
		HideSolutionNode = FALSE
	EndGlobalSection
	GlobalSection(ExtensibilityGlobals) = postSolution
		SolutionGuid = {68DD805A-8910-4620-9D54-BCBD55F5BEBA}
	EndGlobalSection
EndGlobal
